// !$*UTF8*$!
{
	archiveVersion = 1;
	classes = {
	};
	objectVersion = 56;
	objects = {

/* Begin PBXBuildFile section */
		AA000000000000000000001A /* FinderSyncExtension.swift in Sources */ = {isa = PBXBuildFile; fileRef = AA000000000000000000001B /* FinderSyncExtension.swift */; };
/* End PBXBuildFile section */

/* Begin PBXFileReference section */
		AA000000000000000000001B /* FinderSyncExtension.swift */ = {isa = PBXFileReference; lastKnownFileType = sourcecode.swift; path = FinderSyncExtension.swift; sourceTree = "<group>"; };
		AA000000000000000000001C /* Info.plist */ = {isa = PBXFileReference; lastKnownFileType = text.plist.xml; path = Info.plist; sourceTree = "<group>"; };
		AA000000000000000000001D /* FinderSyncExtension.entitlements */ = {isa = PBXFileReference; lastKnownFileType = text.plist.entitlements; path = FinderSyncExtension.entitlements; sourceTree = "<group>"; };
		AA000000000000000000001E /* FinderSyncExtension.appex */ = {isa = PBXFileReference; explicitFileType = "wrapper.app-extension"; includeInIndex = 0; path = FinderSyncExtension.appex; sourceTree = BUILT_PRODUCTS_DIR; };
/* End PBXFileReference section */

/* Begin PBXGroup section */
		AA000000000000000000002A /* FinderSyncExtension */ = {
			isa = PBXGroup;
			children = (
				AA000000000000000000001B /* FinderSyncExtension.swift */,
				AA000000000000000000001C /* Info.plist */,
				AA000000000000000000001D /* FinderSyncExtension.entitlements */,
			);
			path = FinderSyncExtension;
			sourceTree = "<group>";
		};
		AA000000000000000000002B /* Products */ = {
			isa = PBXGroup;
			children = (
				AA000000000000000000001E /* FinderSyncExtension.appex */,
			);
			name = Products;
			sourceTree = "<group>";
		};
		AA000000000000000000002C = {
			isa = PBXGroup;
			children = (
				AA000000000000000000002A /* FinderSyncExtension */,
				AA000000000000000000002B /* Products */,
			);
			sourceTree = "<group>";
		};
/* End PBXGroup section */

/* Begin PBXNativeTarget section */
		AA000000000000000000003A /* FinderSyncExtension */ = {
			isa = PBXNativeTarget;
			buildConfigurationList = AA000000000000000000003B /* Build configuration list for PBXNativeTarget "FinderSyncExtension" */;
			buildPhases = (
				AA000000000000000000003C /* Sources */,
			);
			buildRules = (
			);
			dependencies = (
			);
			name = FinderSyncExtension;
			productName = FinderSyncExtension;
			productReference = AA000000000000000000001E /* FinderSyncExtension.appex */;
			productType = "com.apple.product-type.app-extension";
		};
/* End PBXNativeTarget section */

/* Begin PBXProject section */
		AA000000000000000000004A /* Project object */ = {
			isa = PBXProject;
			attributes = {
				BuildIndependentTargetsInParallel = 1;
				LastSwiftUpdateCheck = 1540;
				LastUpgradeCheck = 1540;
			};
			buildConfigurationList = AA000000000000000000004B /* Build configuration list for PBXProject "FinderSyncExtension" */;
			compatibilityVersion = "Xcode 14.0";
			developmentRegion = en;
			hasScannedForEncodings = 0;
			knownRegions = (
				en,
				Base,
			);
			mainGroup = AA000000000000000000002C;
			productRefGroup = AA000000000000000000002B /* Products */;
			projectDirPath = "";
			projectRoot = "";
			targets = (
				AA000000000000000000003A /* FinderSyncExtension */,
			);
		};
/* End PBXProject section */

/* Begin PBXSourcesBuildPhase section */
		AA000000000000000000003C /* Sources */ = {
			isa = PBXSourcesBuildPhase;
			buildActionMask = 2147483647;
			files = (
				AA000000000000000000001A /* FinderSyncExtension.swift in Sources */,
			);
			runOnlyForDeploymentPostprocessing = 0;
		};
/* End PBXSourcesBuildPhase section */

/* Begin XCBuildConfiguration section */
		AA000000000000000000005A /* Debug */ = {
			isa = XCBuildConfiguration;
			buildSettings = {
				ALWAYS_SEARCH_USER_PATHS = NO;
				CLANG_ENABLE_MODULES = YES;
				CLANG_ENABLE_OBJC_ARC = YES;
				COPY_PHASE_STRIP = NO;
				DEBUG_INFORMATION_FORMAT = dwarf;
				ENABLE_TESTABILITY = YES;
				GCC_NO_COMMON_BLOCKS = YES;
				GCC_OPTIMIZATION_LEVEL = 0;
				GCC_PREPROCESSOR_DEFINITIONS = (
					"DEBUG=1",
					"$(inherited)",
				);
				MACOSX_DEPLOYMENT_TARGET = 12.0;
				ONLY_ACTIVE_ARCH = YES;
				SDKROOT = macosx;
				SWIFT_ACTIVE_COMPILATION_CONDITIONS = DEBUG;
				SWIFT_OPTIMIZATION_LEVEL = "-Onone";
			};
			name = Debug;
		};
		AA000000000000000000005B /* Release */ = {
			isa = XCBuildConfiguration;
			buildSettings = {
				ALWAYS_SEARCH_USER_PATHS = NO;
				CLANG_ENABLE_MODULES = YES;
				CLANG_ENABLE_OBJC_ARC = YES;
				COPY_PHASE_STRIP = NO;
				DEBUG_INFORMATION_FORMAT = "dwarf-with-dsym";
				ENABLE_NS_ASSERTIONS = NO;
				GCC_NO_COMMON_BLOCKS = YES;
				MACOSX_DEPLOYMENT_TARGET = 12.0;
				SDKROOT = macosx;
				SWIFT_COMPILATION_MODE = wholemodule;
				SWIFT_OPTIMIZATION_LEVEL = "-O";
			};
			name = Release;
		};
		AA000000000000000000005C /* Debug */ = {
			isa = XCBuildConfiguration;
			buildSettings = {
				CODE_SIGN_ENTITLEMENTS = FinderSyncExtension/FinderSyncExtension.entitlements;
				CODE_SIGN_STYLE = Automatic;
				CURRENT_PROJECT_VERSION = 1;
				DEVELOPMENT_TEAM = Z36A6Y79JW;
				GENERATE_INFOPLIST_FILE = NO;
				INFOPLIST_FILE = FinderSyncExtension/Info.plist;
				LD_RUNPATH_SEARCH_PATHS = (
					"$(inherited)",
					"@executable_path/../Frameworks",
					"@executable_path/../../../../Frameworks",
				);
				MARKETING_VERSION = 1.0;
				PRODUCT_BUNDLE_IDENTIFIER = com.index.app.FinderSyncExtension;
				PRODUCT_NAME = "$(TARGET_NAME)";
				SKIP_INSTALL = YES;
				SWIFT_EMIT_LOC_STRINGS = YES;
				SWIFT_VERSION = 5.0;
			};
			name = Debug;
		};
		AA000000000000000000005D /* Release */ = {
			isa = XCBuildConfiguration;
			buildSettings = {
				CODE_SIGN_ENTITLEMENTS = FinderSyncExtension/FinderSyncExtension.entitlements;
				CODE_SIGN_STYLE = Automatic;
				CURRENT_PROJECT_VERSION = 1;
				DEVELOPMENT_TEAM = Z36A6Y79JW;
				GENERATE_INFOPLIST_FILE = NO;
				INFOPLIST_FILE = FinderSyncExtension/Info.plist;
				LD_RUNPATH_SEARCH_PATHS = (
					"$(inherited)",
					"@executable_path/../Frameworks",
					"@executable_path/../../../../Frameworks",
				);
				MARKETING_VERSION = 1.0;
				PRODUCT_BUNDLE_IDENTIFIER = com.index.app.FinderSyncExtension;
				PRODUCT_NAME = "$(TARGET_NAME)";
				SKIP_INSTALL = YES;
				SWIFT_EMIT_LOC_STRINGS = YES;
				SWIFT_VERSION = 5.0;
			};
			name = Release;
		};
/* End XCBuildConfiguration section */

/* Begin XCConfigurationList section */
		AA000000000000000000003B /* Build configuration list for PBXNativeTarget "FinderSyncExtension" */ = {
			isa = XCConfigurationList;
			buildConfigurations = (
				AA000000000000000000005C /* Debug */,
				AA000000000000000000005D /* Release */,
			);
			defaultConfigurationIsVisible = 0;
			defaultConfigurationName = Release;
		};
		AA000000000000000000004B /* Build configuration list for PBXProject "FinderSyncExtension" */ = {
			isa = XCConfigurationList;
			buildConfigurations = (
				AA000000000000000000005A /* Debug */,
				AA000000000000000000005B /* Release */,
			);
			defaultConfigurationIsVisible = 0;
			defaultConfigurationName = Release;
		};
/* End XCConfigurationList section */
	};
	rootObject = AA000000000000000000004A /* Project object */;
}
